{
  "nodes": {
    "appimage-file-latest": {
      "flake": false,
      "locked": {
        "narHash": "sha256-X72Xc/IBgcPN7wM0rxokqQl1s8l0MoM2TPgAZlwNU0w=",
        "type": "file",
        "url": "https://github.com/zen-browser/desktop/releases/latest/download/zen-x86_64.AppImage"
      },
      "original": {
        "type": "file",
        "url": "https://github.com/zen-browser/desktop/releases/latest/download/zen-x86_64.AppImage"
      }
    },
    "appimage-file-twilight": {
      "flake": false,
      "locked": {
        "narHash": "sha256-GEhvmFIlu6qH8HPWKmxWc3LDTzNobxeky/PbzzIg1Jg=",
        "type": "file",
        "url": "https://github.com/zen-browser/desktop/releases/download/twilight/zen-x86_64.AppImage"
      },
      "original": {
        "type": "file",
        "url": "https://github.com/zen-browser/desktop/releases/download/twilight/zen-x86_64.AppImage"
      }
    },
    "nixpkgs": {
      "locked": {
        "lastModified": 1743315132,
        "narHash": "sha256-6hl6L/tRnwubHcA4pfUUtk542wn2Om+D4UnDhlDW9BE=",
        "owner": "NixOS",
        "repo": "nixpkgs",
        "rev": "52faf482a3889b7619003c0daec593a1912fddc1",
        "type": "github"
      },
      "original": {
        "owner": "NixOS",
        "ref": "nixos-unstable",
        "repo": "nixpkgs",
        "type": "github"
      }
    },
    "root": {
      "inputs": {
        "appimage-file-latest": "appimage-file-latest",
        "appimage-file-twilight": "appimage-file-twilight",
        "nixpkgs": "nixpkgs"
      }
    }
  },
  "root": "root",
  "version": 7
}
