{
  "nodes": {
    "appimage-file-beta": {
      "flake": false,
      "locked": {
        "narHash": "sha256-IOeTokpWqwUl7vWDrx+zN76vgePnPaUj0WPYrDKO5xY=",
        "type": "file",
        "url": "https://github.com/zen-browser/desktop/releases/download/1.7.3b/zen-x86_64.AppImage"
      },
      "original": {
        "type": "file",
        "url": "https://github.com/zen-browser/desktop/releases/download/1.7.3b/zen-x86_64.AppImage"
      }
    },
    "appimage-file-twilight": {
      "flake": false,
      "locked": {
        "narHash": "sha256-lHjcqtHoNZu1/7HTsTziH8f92EopTKk5Z8kwEIqb52A=",
        "type": "file",
        "url": "https://github.com/zen-browser/desktop/releases/download/twilight/zen-x86_64.AppImage"
      },
      "original": {
        "type": "file",
        "url": "https://github.com/zen-browser/desktop/releases/download/twilight/zen-x86_64.AppImage"
      }
    },
    "nixpkgs": {
      "locked": {
        "lastModified": 1739446958,
        "narHash": "sha256-+/bYK3DbPxMIvSL4zArkMX0LQvS7rzBKXnDXLfKyRVc=",
        "owner": "NixOS",
        "repo": "nixpkgs",
        "rev": "2ff53fe64443980e139eaa286017f53f88336dd0",
        "type": "github"
      },
      "original": {
        "owner": "NixOS",
        "ref": "nixos-unstable",
        "repo": "nixpkgs",
        "type": "github"
      }
    },
    "root": {
      "inputs": {
        "appimage-file-beta": "appimage-file-beta",
        "appimage-file-twilight": "appimage-file-twilight",
        "nixpkgs": "nixpkgs"
      }
    }
  },
  "root": "root",
  "version": 7
}
