{
  "nodes": {
    "appimage-file-latest": {
      "flake": false,
      "locked": {
        "narHash": "sha256-4X2vJw4JfcoW44ECoQ4vOhVM9miW1xlFUthxz4twy9s=",
        "type": "file",
        "url": "https://github.com/zen-browser/desktop/releases/latest/download/zen-x86_64.AppImage"
      },
      "original": {
        "type": "file",
        "url": "https://github.com/zen-browser/desktop/releases/latest/download/zen-x86_64.AppImage"
      }
    },
    "appimage-file-twilight": {
      "flake": false,
      "locked": {
        "narHash": "sha256-mvnPG7KX1q+JKtCCRL9r9k8TrSWLz1Jgf7VMLp1Fd4s=",
        "type": "file",
        "url": "https://github.com/zen-browser/desktop/releases/download/twilight/zen-x86_64.AppImage"
      },
      "original": {
        "type": "file",
        "url": "https://github.com/zen-browser/desktop/releases/download/twilight/zen-x86_64.AppImage"
      }
    },
    "nixpkgs": {
      "locked": {
        "lastModified": 1742669843,
        "narHash": "sha256-G5n+FOXLXcRx+3hCJ6Rt6ZQyF1zqQ0DL0sWAMn2Nk0w=",
        "owner": "NixOS",
        "repo": "nixpkgs",
        "rev": "1e5b653dff12029333a6546c11e108ede13052eb",
        "type": "github"
      },
      "original": {
        "owner": "NixOS",
        "ref": "nixos-unstable",
        "repo": "nixpkgs",
        "type": "github"
      }
    },
    "root": {
      "inputs": {
        "appimage-file-latest": "appimage-file-latest",
        "appimage-file-twilight": "appimage-file-twilight",
        "nixpkgs": "nixpkgs"
      }
    }
  },
  "root": "root",
  "version": 7
}
